{
  "requires": true,
  "lockfileVersion": 1,
  "dependencies": {
    "wicket": {
      "version": "1.3.6",
      "resolved": "https://registry.npmjs.org/wicket/-/wicket-1.3.6.tgz",
      "integrity": "sha512-062Cc5HHbzy6PYATPugoEezg4gotGmrUf7RD7B15lV866NwWMD1qK/vEZmaNhXC7cMNioA0VAWx8KjotNDb5gw=="
    }
  }
}
