
Microsoft Visual Studio Solution File, Format Version 12.00
# Visual Studio Version 16
VisualStudioVersion = 16.0.30523.141
MinimumVisualStudioVersion = 10.0.40219.1
Project("{FAE04EC0-301F-11D3-BF4B-00C04F79EFBC}") = "TradeZoneWeb_v1", "TradeZoneWeb_v1\TradeZoneWeb_v1.csproj", "{6B19FF08-E964-45EC-A24B-9772B44E3891}"
EndProject
Global
	GlobalSection(SolutionConfigurationPlatforms) = preSolution
		Debug|Any CPU = Debug|Any CPU
		Release|Any CPU = Release|Any CPU
	EndGlobalSection
	GlobalSection(ProjectConfigurationPlatforms) = postSolution
		{6B19FF08-E964-45EC-A24B-9772B44E3891}.Debug|Any CPU.ActiveCfg = Debug|Any CPU
		{6B19FF08-E964-45EC-A24B-9772B44E3891}.Debug|Any CPU.Build.0 = Debug|Any CPU
		{6B19FF08-E964-45EC-A24B-9772B44E3891}.Release|Any CPU.ActiveCfg = Release|Any CPU
		{6B19FF08-E964-45EC-A24B-9772B44E3891}.Release|Any CPU.Build.0 = Release|Any CPU
	EndGlobalSection
	GlobalSection(SolutionProperties) = preSolution
		HideSolutionNode = FALSE
	EndGlobalSection
	GlobalSection(ExtensibilityGlobals) = postSolution
		SolutionGuid = {22ACF858-A773-4671-85F6-135F0BF98314}
	EndGlobalSection
EndGlobal
